Microsoft Visual Studio Solution File, Format Version 12.00
# Visual Studio Version 17
VisualStudioVersion = 17.5.2.0
MinimumVisualStudioVersion = 10.0.40219.1
Project("{FAE04EC0-301F-11D3-BF4B-00C04F79EFBC}") = "Cuzdan.Api", "Cuzdan.Api.csproj", "{FCE6DB2D-B6EA-B564-0410-39DECD889D64}"
EndProject
Global
	GlobalSection(SolutionConfigurationPlatforms) = preSolution
		Debug|Any CPU = Debug|Any CPU
		Release|Any CPU = Release|Any CPU
	EndGlobalSection
	GlobalSection(ProjectConfigurationPlatforms) = postSolution
		{FCE6DB2D-B6EA-B564-0410-39DECD889D64}.Debug|Any CPU.ActiveCfg = Debug|Any CPU
		{FCE6DB2D-B6EA-B564-0410-39DECD889D64}.Debug|Any CPU.Build.0 = Debug|Any CPU
		{FCE6DB2D-B6EA-B564-0410-39DECD889D64}.Release|Any CPU.ActiveCfg = Release|Any CPU
		{FCE6DB2D-B6EA-B564-0410-39DECD889D64}.Release|Any CPU.Build.0 = Release|Any CPU
	EndGlobalSection
	GlobalSection(SolutionProperties) = preSolution
		HideSolutionNode = FALSE
	EndGlobalSection
	GlobalSection(ExtensibilityGlobals) = postSolution
		SolutionGuid = {2ED6788A-7B47-407B-B050-FBDCB49D7960}
	EndGlobalSection
EndGlobal
